
Microsoft Visual Studio Solution File, Format Version 12.00
# Visual Studio 15
VisualStudioVersion = 15.0.28307.271
MinimumVisualStudioVersion = 10.0.40219.1
Project("{9A19103F-16F7-4668-BE54-9A1E7A4F7556}") = "M1.Client", "M1.Client\M1.Client.csproj", "{BD0791BC-AF63-4C53-9A09-715B71D8D50C}"
EndProject
Project("{9A19103F-16F7-4668-BE54-9A1E7A4F7556}") = "M1.Server", "M1.Server\M1.Server.csproj", "{5D07D0A6-666C-4E86-B8C5-1BB074CEBBA3}"
EndProject
Project("{2150E333-8FDC-42A3-9474-1A3956D46DE8}") = "Solution Items", "Solution Items", "{0D935365-4392-4F0D-B048-7343C60B5224}"
	ProjectSection(SolutionItems) = preProject
		.gitignore = .gitignore
		README.md = README.md
	EndProjectSection
EndProject
Project("{FAE04EC0-301F-11D3-BF4B-00C04F79EFBC}") = "M1.Grpc", "M1.Grpc\M1.Grpc.csproj", "{E3297F84-4D22-445F-81F7-A2F8F56FAA12}"
EndProject
Project("{FAE04EC0-301F-11D3-BF4B-00C04F79EFBC}") = "M1.Tests", "M1.Tests\M1.Tests.csproj", "{C5D64844-4F25-4C44-80AA-3E24F66477A4}"
EndProject
Global
	GlobalSection(SolutionConfigurationPlatforms) = preSolution
		Debug|Any CPU = Debug|Any CPU
		Release|Any CPU = Release|Any CPU
	EndGlobalSection
	GlobalSection(ProjectConfigurationPlatforms) = postSolution
		{BD0791BC-AF63-4C53-9A09-715B71D8D50C}.Debug|Any CPU.ActiveCfg = Debug|Any CPU
		{BD0791BC-AF63-4C53-9A09-715B71D8D50C}.Debug|Any CPU.Build.0 = Debug|Any CPU
		{BD0791BC-AF63-4C53-9A09-715B71D8D50C}.Release|Any CPU.ActiveCfg = Release|Any CPU
		{BD0791BC-AF63-4C53-9A09-715B71D8D50C}.Release|Any CPU.Build.0 = Release|Any CPU
		{5D07D0A6-666C-4E86-B8C5-1BB074CEBBA3}.Debug|Any CPU.ActiveCfg = Debug|Any CPU
		{5D07D0A6-666C-4E86-B8C5-1BB074CEBBA3}.Debug|Any CPU.Build.0 = Debug|Any CPU
		{5D07D0A6-666C-4E86-B8C5-1BB074CEBBA3}.Release|Any CPU.ActiveCfg = Release|Any CPU
		{5D07D0A6-666C-4E86-B8C5-1BB074CEBBA3}.Release|Any CPU.Build.0 = Release|Any CPU
		{E3297F84-4D22-445F-81F7-A2F8F56FAA12}.Debug|Any CPU.ActiveCfg = Debug|Any CPU
		{E3297F84-4D22-445F-81F7-A2F8F56FAA12}.Debug|Any CPU.Build.0 = Debug|Any CPU
		{E3297F84-4D22-445F-81F7-A2F8F56FAA12}.Release|Any CPU.ActiveCfg = Release|Any CPU
		{E3297F84-4D22-445F-81F7-A2F8F56FAA12}.Release|Any CPU.Build.0 = Release|Any CPU
		{C5D64844-4F25-4C44-80AA-3E24F66477A4}.Debug|Any CPU.ActiveCfg = Debug|Any CPU
		{C5D64844-4F25-4C44-80AA-3E24F66477A4}.Debug|Any CPU.Build.0 = Debug|Any CPU
		{C5D64844-4F25-4C44-80AA-3E24F66477A4}.Release|Any CPU.ActiveCfg = Release|Any CPU
		{C5D64844-4F25-4C44-80AA-3E24F66477A4}.Release|Any CPU.Build.0 = Release|Any CPU
	EndGlobalSection
	GlobalSection(SolutionProperties) = preSolution
		HideSolutionNode = FALSE
	EndGlobalSection
	GlobalSection(ExtensibilityGlobals) = postSolution
		SolutionGuid = {88206136-4776-4B40-9EF8-14857F754E60}
	EndGlobalSection
EndGlobal
